honnef.co/go/js/dom/v2 v2.0.0-20230808055721-96db8f4d5e3b h1:XOEHdukvK2DAtBpN8kQbuj6UIK5dz9DLvqc51o6w4L0=
honnef.co/go/js/dom/v2 v2.0.0-20230808055721-96db8f4d5e3b/go.mod h1:+JtEcbinwR4znM12aluJ3WjKgvhDPKPQ8hnP4YM+4jI=
nhooyr.io/websocket v1.8.10 h1:mv4p+MnGrLDcPlBoWsvPP7XCzTYMXP9F9eIGoKbgx7Q=
nhooyr.io/websocket v1.8.10/go.mod h1:rN9OFWIUwuxg4fR5tELlYC04bXYowCP9GX47ivo2l+c=
